{
  "name": "iotflow-backend",
  "lockfileVersion": 3,
  "requires": true,
  "packages": {
    "": {
      "dependencies": {
        "apache-iotdb": "^0.0.1-security"
      }
    },
    "node_modules/apache-iotdb": {
      "version": "0.0.1-security",
      "resolved": "https://registry.npmjs.org/apache-iotdb/-/apache-iotdb-0.0.1-security.tgz",
      "integrity": "sha512-HdOBA5thpd+/atL6YYngZkHMvZpN8q7AFiuWdI4+B14VnwEwzDQKMYH7XlLphCmOaX38fg6Ns1EfkPn0Y03laA=="
    }
  }
}
